
Microsoft Visual Studio Solution File, Format Version 12.00
# Visual Studio Version 16
VisualStudioVersion = 16.0.29509.3
MinimumVisualStudioVersion = 10.0.40219.1
Project("{FAE04EC0-301F-11D3-BF4B-00C04F79EFBC}") = "SecureFile_v.2.0.0", "SecureFile_v.2.0.0.csproj", "{A613C161-89BD-4E9A-AA61-C183B8E7FEDC}"
EndProject
Global
	GlobalSection(SolutionConfigurationPlatforms) = preSolution
		Debug|Any CPU = Debug|Any CPU
		Release|Any CPU = Release|Any CPU
	EndGlobalSection
	GlobalSection(ProjectConfigurationPlatforms) = postSolution
		{A613C161-89BD-4E9A-AA61-C183B8E7FEDC}.Debug|Any CPU.ActiveCfg = Debug|Any CPU
		{A613C161-89BD-4E9A-AA61-C183B8E7FEDC}.Debug|Any CPU.Build.0 = Debug|Any CPU
		{A613C161-89BD-4E9A-AA61-C183B8E7FEDC}.Release|Any CPU.ActiveCfg = Release|Any CPU
		{A613C161-89BD-4E9A-AA61-C183B8E7FEDC}.Release|Any CPU.Build.0 = Release|Any CPU
	EndGlobalSection
	GlobalSection(SolutionProperties) = preSolution
		HideSolutionNode = FALSE
	EndGlobalSection
	GlobalSection(ExtensibilityGlobals) = postSolution
		SolutionGuid = {EC73D4D5-081B-406E-AC09-51BEA22FF868}
	EndGlobalSection
EndGlobal
